
Microsoft Visual Studio Solution File, Format Version 12.00
# Visual Studio 15
VisualStudioVersion = 15.0.28307.168
MinimumVisualStudioVersion = 10.0.40219.1
Project("{FAE04EC0-301F-11D3-BF4B-00C04F79EFBC}") = "GenericTypesRazorViewDotNetCore", "GenericTypesRazorViewDotNetCore\GenericTypesRazorViewDotNetCore.csproj", "{7E9A5C64-1656-4FE3-B033-AD9A0E5F0BB4}"
EndProject
Global
	GlobalSection(SolutionConfigurationPlatforms) = preSolution
		Debug|Any CPU = Debug|Any CPU
		Release|Any CPU = Release|Any CPU
	EndGlobalSection
	GlobalSection(ProjectConfigurationPlatforms) = postSolution
		{7E9A5C64-1656-4FE3-B033-AD9A0E5F0BB4}.Debug|Any CPU.ActiveCfg = Debug|Any CPU
		{7E9A5C64-1656-4FE3-B033-AD9A0E5F0BB4}.Debug|Any CPU.Build.0 = Debug|Any CPU
		{7E9A5C64-1656-4FE3-B033-AD9A0E5F0BB4}.Release|Any CPU.ActiveCfg = Release|Any CPU
		{7E9A5C64-1656-4FE3-B033-AD9A0E5F0BB4}.Release|Any CPU.Build.0 = Release|Any CPU
	EndGlobalSection
	GlobalSection(SolutionProperties) = preSolution
		HideSolutionNode = FALSE
	EndGlobalSection
	GlobalSection(ExtensibilityGlobals) = postSolution
		SolutionGuid = {D5BB67E0-B680-4F71-BD00-8547128D2078}
	EndGlobalSection
EndGlobal
